dependencies:
  garag/esp-idf-pn532:
    component_hash: aac8ca6ebb69a2b4e344991fa1764d2d298ae44bb90f308794a52bc8104c1d9f
    dependencies:
    - name: idf
      require: private
      version: '>=5.2'
    source:
      registry_url: https://components.espressif.com/
      type: service
    version: 0.2.1
  idf:
    source:
      type: idf
    version: 6.1.0
  joltwallet/littlefs:
    component_hash: 29eff7921c4e8bce021aeb7fff2723bfcafed661756de700646ea0f6223c2a32
    dependencies:
    - name: idf
      require: private
      version: '>=5.0'
    source:
      registry_url: https://components.espressif.com/
      type: service
    version: 1.21.1
direct_dependencies:
- garag/esp-idf-pn532
- idf
- joltwallet/littlefs
manifest_hash: c092e482f323d7d0b2f84afd172c5b945e912e52047b00b6186d7d33b7bf28a2
target: esp32
version: 2.0.0
