dependencies:
  espressif/esp32-camera:
    component_hash: 2b75f6f0c987fb0e3687ccbd464cd00c163ea8cb05d2470cfb05adf6535bc488
    dependencies:
    - name: espressif/esp_jpeg
      registry_url: https://components.espressif.com
      require: public
      version: ^1.3.1
    - name: idf
      require: private
      version: '>=5.1'
    source:
      registry_url: https://components.espressif.com/
      type: service
    version: 2.1.6
  espressif/esp_jpeg:
    component_hash: defb83669293cbf86d0fa86b475ba5517aceed04ed70db435388c151ab37b5d7
    dependencies:
    - name: idf
      require: private
      version: '>=5.0'
    source:
      registry_url: https://components.espressif.com
      type: service
    version: 1.3.1
  garag/esp-idf-pn532:
    component_hash: aac8ca6ebb69a2b4e344991fa1764d2d298ae44bb90f308794a52bc8104c1d9f
    dependencies:
    - name: idf
      require: private
      version: '>=5.2'
    source:
      registry_url: https://components.espressif.com/
      type: service
    version: 0.2.1
  idf:
    source:
      type: idf
    version: 5.5.4
direct_dependencies:
- espressif/esp32-camera
- garag/esp-idf-pn532
- idf
manifest_hash: ef52fe0d3dd890e560d40a86a5d6d1dc562a0d2cd3be9f32a69bc1c1d6e128ce
target: esp32
version: 2.0.0
